
Microsoft Visual Studio Solution File, Format Version 12.00
# Visual Studio Version 16
VisualStudioVersion = 16.0.29102.190
MinimumVisualStudioVersion = 10.0.40219.1
Project("{2150E333-8FDC-42A3-9474-1A3956D46DE8}") = "Core", "Core", "{00529C87-1DC1-4DEB-9F7A-372CE8D7EA18}"
EndProject
Project("{2150E333-8FDC-42A3-9474-1A3956D46DE8}") = "Client", "Client", "{4196B34E-9A84-42EA-86A2-539096D453A9}"
EndProject
Project("{9A19103F-16F7-4668-BE54-9A1E7A4F7556}") = "NNice.Common", "NNice.Common\NNice.Common.csproj", "{4C318BEA-D256-4062-8A03-D22C6692B499}"
EndProject
Project("{9A19103F-16F7-4668-BE54-9A1E7A4F7556}") = "NNice.DAL", "NNice.DAL\NNice.DAL.csproj", "{7B6BC62A-2DF2-470E-AB39-774B96AA1C71}"
EndProject
Project("{9A19103F-16F7-4668-BE54-9A1E7A4F7556}") = "NNice.Business", "NNice.Business\NNice.Business.csproj", "{B97C49A6-DBD7-4204-ACF2-36C3CCFE4FB8}"
EndProject
Project("{9A19103F-16F7-4668-BE54-9A1E7A4F7556}") = "NNice.API", "NNice.API\NNice.API.csproj", "{616A43B5-4983-4E62-A5DD-C36B169E83FD}"
EndProject
Project("{2150E333-8FDC-42A3-9474-1A3956D46DE8}") = "Test", "Test", "{2B66A09C-46EE-4C34-B966-5F26A6A18DDA}"
EndProject
Project("{9A19103F-16F7-4668-BE54-9A1E7A4F7556}") = "NNice.Web", "NNice.Web\NNice.Web.csproj", "{EE6654EF-EDEB-47F9-945E-296CED9DC143}"
EndProject
Project("{9A19103F-16F7-4668-BE54-9A1E7A4F7556}") = "NNice.DAL.Test", "NNice.DAL.Test\NNice.DAL.Test.csproj", "{00DEDC47-569B-472F-8013-27F07ADFA525}"
EndProject
Project("{FAE04EC0-301F-11D3-BF4B-00C04F79EFBC}") = "NNice.Business.Test", "NNice.Business.Test\NNice.Business.Test.csproj", "{32403737-F6E4-464F-A695-6AC51820C494}"
EndProject
Project("{FAE04EC0-301F-11D3-BF4B-00C04F79EFBC}") = "TestConnectApi", "TestConnectApi\TestConnectApi.csproj", "{9CE19418-A212-4ED1-BDD0-38E3B4451505}"
EndProject
Global
	GlobalSection(SolutionConfigurationPlatforms) = preSolution
		Debug|Any CPU = Debug|Any CPU
		Release|Any CPU = Release|Any CPU
	EndGlobalSection
	GlobalSection(ProjectConfigurationPlatforms) = postSolution
		{4C318BEA-D256-4062-8A03-D22C6692B499}.Debug|Any CPU.ActiveCfg = Debug|Any CPU
		{4C318BEA-D256-4062-8A03-D22C6692B499}.Debug|Any CPU.Build.0 = Debug|Any CPU
		{4C318BEA-D256-4062-8A03-D22C6692B499}.Release|Any CPU.ActiveCfg = Release|Any CPU
		{4C318BEA-D256-4062-8A03-D22C6692B499}.Release|Any CPU.Build.0 = Release|Any CPU
		{7B6BC62A-2DF2-470E-AB39-774B96AA1C71}.Debug|Any CPU.ActiveCfg = Debug|Any CPU
		{7B6BC62A-2DF2-470E-AB39-774B96AA1C71}.Debug|Any CPU.Build.0 = Debug|Any CPU
		{7B6BC62A-2DF2-470E-AB39-774B96AA1C71}.Release|Any CPU.ActiveCfg = Release|Any CPU
		{7B6BC62A-2DF2-470E-AB39-774B96AA1C71}.Release|Any CPU.Build.0 = Release|Any CPU
		{B97C49A6-DBD7-4204-ACF2-36C3CCFE4FB8}.Debug|Any CPU.ActiveCfg = Debug|Any CPU
		{B97C49A6-DBD7-4204-ACF2-36C3CCFE4FB8}.Debug|Any CPU.Build.0 = Debug|Any CPU
		{B97C49A6-DBD7-4204-ACF2-36C3CCFE4FB8}.Release|Any CPU.ActiveCfg = Release|Any CPU
		{B97C49A6-DBD7-4204-ACF2-36C3CCFE4FB8}.Release|Any CPU.Build.0 = Release|Any CPU
		{616A43B5-4983-4E62-A5DD-C36B169E83FD}.Debug|Any CPU.ActiveCfg = Debug|Any CPU
		{616A43B5-4983-4E62-A5DD-C36B169E83FD}.Debug|Any CPU.Build.0 = Debug|Any CPU
		{616A43B5-4983-4E62-A5DD-C36B169E83FD}.Release|Any CPU.ActiveCfg = Release|Any CPU
		{616A43B5-4983-4E62-A5DD-C36B169E83FD}.Release|Any CPU.Build.0 = Release|Any CPU
		{EE6654EF-EDEB-47F9-945E-296CED9DC143}.Debug|Any CPU.ActiveCfg = Debug|Any CPU
		{EE6654EF-EDEB-47F9-945E-296CED9DC143}.Debug|Any CPU.Build.0 = Debug|Any CPU
		{EE6654EF-EDEB-47F9-945E-296CED9DC143}.Release|Any CPU.ActiveCfg = Release|Any CPU
		{EE6654EF-EDEB-47F9-945E-296CED9DC143}.Release|Any CPU.Build.0 = Release|Any CPU
		{00DEDC47-569B-472F-8013-27F07ADFA525}.Debug|Any CPU.ActiveCfg = Debug|Any CPU
		{00DEDC47-569B-472F-8013-27F07ADFA525}.Debug|Any CPU.Build.0 = Debug|Any CPU
		{00DEDC47-569B-472F-8013-27F07ADFA525}.Release|Any CPU.ActiveCfg = Release|Any CPU
		{00DEDC47-569B-472F-8013-27F07ADFA525}.Release|Any CPU.Build.0 = Release|Any CPU
		{32403737-F6E4-464F-A695-6AC51820C494}.Debug|Any CPU.ActiveCfg = Debug|Any CPU
		{32403737-F6E4-464F-A695-6AC51820C494}.Debug|Any CPU.Build.0 = Debug|Any CPU
		{32403737-F6E4-464F-A695-6AC51820C494}.Release|Any CPU.ActiveCfg = Release|Any CPU
		{32403737-F6E4-464F-A695-6AC51820C494}.Release|Any CPU.Build.0 = Release|Any CPU
		{9CE19418-A212-4ED1-BDD0-38E3B4451505}.Debug|Any CPU.ActiveCfg = Debug|Any CPU
		{9CE19418-A212-4ED1-BDD0-38E3B4451505}.Debug|Any CPU.Build.0 = Debug|Any CPU
		{9CE19418-A212-4ED1-BDD0-38E3B4451505}.Release|Any CPU.ActiveCfg = Release|Any CPU
		{9CE19418-A212-4ED1-BDD0-38E3B4451505}.Release|Any CPU.Build.0 = Release|Any CPU
	EndGlobalSection
	GlobalSection(SolutionProperties) = preSolution
		HideSolutionNode = FALSE
	EndGlobalSection
	GlobalSection(NestedProjects) = preSolution
		{4C318BEA-D256-4062-8A03-D22C6692B499} = {00529C87-1DC1-4DEB-9F7A-372CE8D7EA18}
		{7B6BC62A-2DF2-470E-AB39-774B96AA1C71} = {00529C87-1DC1-4DEB-9F7A-372CE8D7EA18}
		{B97C49A6-DBD7-4204-ACF2-36C3CCFE4FB8} = {00529C87-1DC1-4DEB-9F7A-372CE8D7EA18}
		{616A43B5-4983-4E62-A5DD-C36B169E83FD} = {00529C87-1DC1-4DEB-9F7A-372CE8D7EA18}
		{EE6654EF-EDEB-47F9-945E-296CED9DC143} = {4196B34E-9A84-42EA-86A2-539096D453A9}
		{00DEDC47-569B-472F-8013-27F07ADFA525} = {2B66A09C-46EE-4C34-B966-5F26A6A18DDA}
		{32403737-F6E4-464F-A695-6AC51820C494} = {2B66A09C-46EE-4C34-B966-5F26A6A18DDA}
		{9CE19418-A212-4ED1-BDD0-38E3B4451505} = {2B66A09C-46EE-4C34-B966-5F26A6A18DDA}
	EndGlobalSection
	GlobalSection(ExtensibilityGlobals) = postSolution
		SolutionGuid = {AABEAD40-00EB-4DA2-8C00-8AA21236FED9}
	EndGlobalSection
EndGlobal
